
Microsoft Visual Studio Solution File, Format Version 12.00
# Visual Studio Version 17
VisualStudioVersion = 17.0.31903.59
MinimumVisualStudioVersion = 10.0.40219.1
Project("{2150E333-8FDC-42A3-9474-1A3956D46DE8}") = "backend", "backend", "{63919C4C-16BF-4431-8689-CD7165E3E0A3}"
EndProject
Project("{FAE04EC0-301F-11D3-BF4B-00C04F79EFBC}") = "FitnessCenter.Api", "backend\FitnessCenter.Api\FitnessCenter.Api.csproj", "{025C0338-CB8F-4FC9-BCDC-09003EAEB0AE}"
EndProject
Global
	GlobalSection(SolutionConfigurationPlatforms) = preSolution
		Debug|Any CPU = Debug|Any CPU
		Release|Any CPU = Release|Any CPU
	EndGlobalSection
	GlobalSection(SolutionProperties) = preSolution
		HideSolutionNode = FALSE
	EndGlobalSection
	GlobalSection(ProjectConfigurationPlatforms) = postSolution
		{025C0338-CB8F-4FC9-BCDC-09003EAEB0AE}.Debug|Any CPU.ActiveCfg = Debug|Any CPU
		{025C0338-CB8F-4FC9-BCDC-09003EAEB0AE}.Debug|Any CPU.Build.0 = Debug|Any CPU
		{025C0338-CB8F-4FC9-BCDC-09003EAEB0AE}.Release|Any CPU.ActiveCfg = Release|Any CPU
		{025C0338-CB8F-4FC9-BCDC-09003EAEB0AE}.Release|Any CPU.Build.0 = Release|Any CPU
	EndGlobalSection
	GlobalSection(NestedProjects) = preSolution
		{025C0338-CB8F-4FC9-BCDC-09003EAEB0AE} = {63919C4C-16BF-4431-8689-CD7165E3E0A3}
	EndGlobalSection
EndGlobal
